
Microsoft Visual Studio Solution File, Format Version 12.00
# Visual Studio Version 17
VisualStudioVersion = 17.5.33530.505
MinimumVisualStudioVersion = 10.0.40219.1
Project("{FAE04EC0-301F-11D3-BF4B-00C04F79EFBC}") = "ConsoleApp2", "ConsoleApp2\ConsoleApp2.csproj", "{F3A14297-F9C5-4B06-9675-E372D0EF1D52}"
EndProject
Project("{FAE04EC0-301F-11D3-BF4B-00C04F79EFBC}") = "firsttask", "firsttask\firsttask.csproj", "{BD72F3D8-BCB0-41C8-9464-9842539E1897}"
EndProject
Global
	GlobalSection(SolutionConfigurationPlatforms) = preSolution
		Debug|Any CPU = Debug|Any CPU
		Release|Any CPU = Release|Any CPU
	EndGlobalSection
	GlobalSection(ProjectConfigurationPlatforms) = postSolution
		{F3A14297-F9C5-4B06-9675-E372D0EF1D52}.Debug|Any CPU.ActiveCfg = Debug|Any CPU
		{F3A14297-F9C5-4B06-9675-E372D0EF1D52}.Debug|Any CPU.Build.0 = Debug|Any CPU
		{F3A14297-F9C5-4B06-9675-E372D0EF1D52}.Release|Any CPU.ActiveCfg = Release|Any CPU
		{F3A14297-F9C5-4B06-9675-E372D0EF1D52}.Release|Any CPU.Build.0 = Release|Any CPU
		{BD72F3D8-BCB0-41C8-9464-9842539E1897}.Debug|Any CPU.ActiveCfg = Debug|Any CPU
		{BD72F3D8-BCB0-41C8-9464-9842539E1897}.Debug|Any CPU.Build.0 = Debug|Any CPU
		{BD72F3D8-BCB0-41C8-9464-9842539E1897}.Release|Any CPU.ActiveCfg = Release|Any CPU
		{BD72F3D8-BCB0-41C8-9464-9842539E1897}.Release|Any CPU.Build.0 = Release|Any CPU
	EndGlobalSection
	GlobalSection(SolutionProperties) = preSolution
		HideSolutionNode = FALSE
	EndGlobalSection
	GlobalSection(ExtensibilityGlobals) = postSolution
		SolutionGuid = {82C82091-63F7-4FC0-BA6E-0E5D22A9871F}
	EndGlobalSection
EndGlobal
